
Microsoft Visual Studio Solution File, Format Version 12.00
# Visual Studio Version 16
VisualStudioVersion = 16.0.30011.22
MinimumVisualStudioVersion = 10.0.40219.1
Project("{FAE04EC0-301F-11D3-BF4B-00C04F79EFBC}") = "Generics", "Generics\Generics.csproj", "{07063E39-3B43-447C-ACBA-CC91A4ABE96A}"
EndProject
Global
	GlobalSection(SolutionConfigurationPlatforms) = preSolution
		Debug|Any CPU = Debug|Any CPU
		Release|Any CPU = Release|Any CPU
	EndGlobalSection
	GlobalSection(ProjectConfigurationPlatforms) = postSolution
		{07063E39-3B43-447C-ACBA-CC91A4ABE96A}.Debug|Any CPU.ActiveCfg = Debug|Any CPU
		{07063E39-3B43-447C-ACBA-CC91A4ABE96A}.Debug|Any CPU.Build.0 = Debug|Any CPU
		{07063E39-3B43-447C-ACBA-CC91A4ABE96A}.Release|Any CPU.ActiveCfg = Release|Any CPU
		{07063E39-3B43-447C-ACBA-CC91A4ABE96A}.Release|Any CPU.Build.0 = Release|Any CPU
	EndGlobalSection
	GlobalSection(SolutionProperties) = preSolution
		HideSolutionNode = FALSE
	EndGlobalSection
	GlobalSection(ExtensibilityGlobals) = postSolution
		SolutionGuid = {147FC160-C0DF-4C6C-8778-4543C59BB33B}
	EndGlobalSection
EndGlobal
